
Microsoft Visual Studio Solution File, Format Version 12.00
# Visual Studio Version 16
VisualStudioVersion = 16.0.31005.135
MinimumVisualStudioVersion = 10.0.40219.1
Project("{FAE04EC0-301F-11D3-BF4B-00C04F79EFBC}") = "WpfApp1", "WpfApp1\WpfApp1.csproj", "{17A18A2A-ADD0-44A5-B9C6-7D55575B5F61}"
EndProject
Global
	GlobalSection(SolutionConfigurationPlatforms) = preSolution
		Debug|Any CPU = Debug|Any CPU
		Release|Any CPU = Release|Any CPU
	EndGlobalSection
	GlobalSection(ProjectConfigurationPlatforms) = postSolution
		{17A18A2A-ADD0-44A5-B9C6-7D55575B5F61}.Debug|Any CPU.ActiveCfg = Debug|Any CPU
		{17A18A2A-ADD0-44A5-B9C6-7D55575B5F61}.Debug|Any CPU.Build.0 = Debug|Any CPU
		{17A18A2A-ADD0-44A5-B9C6-7D55575B5F61}.Release|Any CPU.ActiveCfg = Release|Any CPU
		{17A18A2A-ADD0-44A5-B9C6-7D55575B5F61}.Release|Any CPU.Build.0 = Release|Any CPU
	EndGlobalSection
	GlobalSection(SolutionProperties) = preSolution
		HideSolutionNode = FALSE
	EndGlobalSection
	GlobalSection(ExtensibilityGlobals) = postSolution
		SolutionGuid = {A6C14DBD-9701-4B66-B6C6-002E2B3F0C1F}
	EndGlobalSection
EndGlobal
